// !$*UTF8*$!
{
	archiveVersion = 1;
	classes = {
	};
	objectVersion = 50;
	objects = {

/* Begin PBXBuildFile section */
		727BB9D7210DE6C900D962FF /* main.m in Sources */ = {isa = PBXBuildFile; fileRef = 727BB9D6210DE6C900D962FF /* main.m */; };
		727BB9E2210F9FE400D962FF /* WeatherData.m in Sources */ = {isa = PBXBuildFile; fileRef = 727BB9E1210F9FE400D962FF /* WeatherData.m */; };
		727BB9E5210FA22A00D962FF /* CurrentConditionsDisplay.m in Sources */ = {isa = PBXBuildFile; fileRef = 727BB9E4210FA22A00D962FF /* CurrentConditionsDisplay.m */; };
/* End PBXBuildFile section */

/* Begin PBXCopyFilesBuildPhase section */
		727BB9D1210DE6C900D962FF /* CopyFiles */ = {
			isa = PBXCopyFilesBuildPhase;
			buildActionMask = 2147483647;
			dstPath = /usr/share/man/man1/;
			dstSubfolderSpec = 0;
			files = (
			);
			runOnlyForDeploymentPostprocessing = 1;
		};
/* End PBXCopyFilesBuildPhase section */

/* Begin PBXFileReference section */
		727BB9D3210DE6C900D962FF /* PatternObserver */ = {isa = PBXFileReference; explicitFileType = "compiled.mach-o.executable"; includeInIndex = 0; path = PatternObserver; sourceTree = BUILT_PRODUCTS_DIR; };
		727BB9D6210DE6C900D962FF /* main.m */ = {isa = PBXFileReference; lastKnownFileType = sourcecode.c.objc; path = main.m; sourceTree = "<group>"; };
		727BB9DD210F9EEF00D962FF /* Observer.h */ = {isa = PBXFileReference; lastKnownFileType = sourcecode.c.h; path = Observer.h; sourceTree = "<group>"; };
		727BB9DE210F9F5E00D962FF /* Subject.h */ = {isa = PBXFileReference; lastKnownFileType = sourcecode.c.h; path = Subject.h; sourceTree = "<group>"; };
		727BB9DF210F9FB600D962FF /* DisplayElement.h */ = {isa = PBXFileReference; lastKnownFileType = sourcecode.c.h; path = DisplayElement.h; sourceTree = "<group>"; };
		727BB9E0210F9FE400D962FF /* WeatherData.h */ = {isa = PBXFileReference; lastKnownFileType = sourcecode.c.h; path = WeatherData.h; sourceTree = "<group>"; };
		727BB9E1210F9FE400D962FF /* WeatherData.m */ = {isa = PBXFileReference; lastKnownFileType = sourcecode.c.objc; path = WeatherData.m; sourceTree = "<group>"; };
		727BB9E3210FA22A00D962FF /* CurrentConditionsDisplay.h */ = {isa = PBXFileReference; lastKnownFileType = sourcecode.c.h; path = CurrentConditionsDisplay.h; sourceTree = "<group>"; };
		727BB9E4210FA22A00D962FF /* CurrentConditionsDisplay.m */ = {isa = PBXFileReference; lastKnownFileType = sourcecode.c.objc; path = CurrentConditionsDisplay.m; sourceTree = "<group>"; };
/* End PBXFileReference section */

/* Begin PBXFrameworksBuildPhase section */
		727BB9D0210DE6C900D962FF /* Frameworks */ = {
			isa = PBXFrameworksBuildPhase;
			buildActionMask = 2147483647;
			files = (
			);
			runOnlyForDeploymentPostprocessing = 0;
		};
/* End PBXFrameworksBuildPhase section */

/* Begin PBXGroup section */
		727BB9CA210DE6C900D962FF = {
			isa = PBXGroup;
			children = (
				727BB9D5210DE6C900D962FF /* PatternObserver */,
				727BB9D4210DE6C900D962FF /* Products */,
			);
			sourceTree = "<group>";
		};
		727BB9D4210DE6C900D962FF /* Products */ = {
			isa = PBXGroup;
			children = (
				727BB9D3210DE6C900D962FF /* PatternObserver */,
			);
			name = Products;
			sourceTree = "<group>";
		};
		727BB9D5210DE6C900D962FF /* PatternObserver */ = {
			isa = PBXGroup;
			children = (
				727BB9D6210DE6C900D962FF /* main.m */,
				727BB9DD210F9EEF00D962FF /* Observer.h */,
				727BB9DE210F9F5E00D962FF /* Subject.h */,
				727BB9DF210F9FB600D962FF /* DisplayElement.h */,
				727BB9E0210F9FE400D962FF /* WeatherData.h */,
				727BB9E1210F9FE400D962FF /* WeatherData.m */,
				727BB9E3210FA22A00D962FF /* CurrentConditionsDisplay.h */,
				727BB9E4210FA22A00D962FF /* CurrentConditionsDisplay.m */,
			);
			path = PatternObserver;
			sourceTree = "<group>";
		};
/* End PBXGroup section */

/* Begin PBXNativeTarget section */
		727BB9D2210DE6C900D962FF /* PatternObserver */ = {
			isa = PBXNativeTarget;
			buildConfigurationList = 727BB9DA210DE6C900D962FF /* Build configuration list for PBXNativeTarget "PatternObserver" */;
			buildPhases = (
				727BB9CF210DE6C900D962FF /* Sources */,
				727BB9D0210DE6C900D962FF /* Frameworks */,
				727BB9D1210DE6C900D962FF /* CopyFiles */,
			);
			buildRules = (
			);
			dependencies = (
			);
			name = PatternObserver;
			productName = PatternObserver;
			productReference = 727BB9D3210DE6C900D962FF /* PatternObserver */;
			productType = "com.apple.product-type.tool";
		};
/* End PBXNativeTarget section */

/* Begin PBXProject section */
		727BB9CB210DE6C900D962FF /* Project object */ = {
			isa = PBXProject;
			attributes = {
				LastUpgradeCheck = 0930;
				ORGANIZATIONNAME = "Anton Kovalchuk";
				TargetAttributes = {
					727BB9D2210DE6C900D962FF = {
						CreatedOnToolsVersion = 9.3.1;
					};
				};
			};
			buildConfigurationList = 727BB9CE210DE6C900D962FF /* Build configuration list for PBXProject "PatternObserver" */;
			compatibilityVersion = "Xcode 9.3";
			developmentRegion = en;
			hasScannedForEncodings = 0;
			knownRegions = (
				en,
			);
			mainGroup = 727BB9CA210DE6C900D962FF;
			productRefGroup = 727BB9D4210DE6C900D962FF /* Products */;
			projectDirPath = "";
			projectRoot = "";
			targets = (
				727BB9D2210DE6C900D962FF /* PatternObserver */,
			);
		};
/* End PBXProject section */

/* Begin PBXSourcesBuildPhase section */
		727BB9CF210DE6C900D962FF /* Sources */ = {
			isa = PBXSourcesBuildPhase;
			buildActionMask = 2147483647;
			files = (
				727BB9E2210F9FE400D962FF /* WeatherData.m in Sources */,
				727BB9D7210DE6C900D962FF /* main.m in Sources */,
				727BB9E5210FA22A00D962FF /* CurrentConditionsDisplay.m in Sources */,
			);
			runOnlyForDeploymentPostprocessing = 0;
		};
/* End PBXSourcesBuildPhase section */

/* Begin XCBuildConfiguration section */
		727BB9D8210DE6C900D962FF /* Debug */ = {
			isa = XCBuildConfiguration;
			buildSettings = {
				ALWAYS_SEARCH_USER_PATHS = NO;
				CLANG_ANALYZER_NONNULL = YES;
				CLANG_ANALYZER_NUMBER_OBJECT_CONVERSION = YES_AGGRESSIVE;
				CLANG_CXX_LANGUAGE_STANDARD = "gnu++14";
				CLANG_CXX_LIBRARY = "libc++";
				CLANG_ENABLE_MODULES = YES;
				CLANG_ENABLE_OBJC_ARC = YES;
				CLANG_ENABLE_OBJC_WEAK = YES;
				CLANG_WARN_BLOCK_CAPTURE_AUTORELEASING = YES;
				CLANG_WARN_BOOL_CONVERSION = YES;
				CLANG_WARN_COMMA = YES;
				CLANG_WARN_CONSTANT_CONVERSION = YES;
				CLANG_WARN_DEPRECATED_OBJC_IMPLEMENTATIONS = YES;
				CLANG_WARN_DIRECT_OBJC_ISA_USAGE = YES_ERROR;
				CLANG_WARN_DOCUMENTATION_COMMENTS = YES;
				CLANG_WARN_EMPTY_BODY = YES;
				CLANG_WARN_ENUM_CONVERSION = YES;
				CLANG_WARN_INFINITE_RECURSION = YES;
				CLANG_WARN_INT_CONVERSION = YES;
				CLANG_WARN_NON_LITERAL_NULL_CONVERSION = YES;
				CLANG_WARN_OBJC_IMPLICIT_RETAIN_SELF = YES;
				CLANG_WARN_OBJC_LITERAL_CONVERSION = YES;
				CLANG_WARN_OBJC_ROOT_CLASS = YES_ERROR;
				CLANG_WARN_RANGE_LOOP_ANALYSIS = YES;
				CLANG_WARN_STRICT_PROTOTYPES = YES;
				CLANG_WARN_SUSPICIOUS_MOVE = YES;
				CLANG_WARN_UNGUARDED_AVAILABILITY = YES_AGGRESSIVE;
				CLANG_WARN_UNREACHABLE_CODE = YES;
				CLANG_WARN__DUPLICATE_METHOD_MATCH = YES;
				CODE_SIGN_IDENTITY = "-";
				COPY_PHASE_STRIP = NO;
				DEBUG_INFORMATION_FORMAT = dwarf;
				ENABLE_STRICT_OBJC_MSGSEND = YES;
				ENABLE_TESTABILITY = YES;
				GCC_C_LANGUAGE_STANDARD = gnu11;
				GCC_DYNAMIC_NO_PIC = NO;
				GCC_NO_COMMON_BLOCKS = YES;
				GCC_OPTIMIZATION_LEVEL = 0;
				GCC_PREPROCESSOR_DEFINITIONS = (
					"DEBUG=1",
					"$(inherited)",
				);
				GCC_WARN_64_TO_32_BIT_CONVERSION = YES;
				GCC_WARN_ABOUT_RETURN_TYPE = YES_ERROR;
				GCC_WARN_UNDECLARED_SELECTOR = YES;
				GCC_WARN_UNINITIALIZED_AUTOS = YES_AGGRESSIVE;
				GCC_WARN_UNUSED_FUNCTION = YES;
				GCC_WARN_UNUSED_VARIABLE = YES;
				MACOSX_DEPLOYMENT_TARGET = 10.13;
				MTL_ENABLE_DEBUG_INFO = YES;
				ONLY_ACTIVE_ARCH = YES;
				SDKROOT = macosx;
			};
			name = Debug;
		};
		727BB9D9210DE6C900D962FF /* Release */ = {
			isa = XCBuildConfiguration;
			buildSettings = {
				ALWAYS_SEARCH_USER_PATHS = NO;
				CLANG_ANALYZER_NONNULL = YES;
				CLANG_ANALYZER_NUMBER_OBJECT_CONVERSION = YES_AGGRESSIVE;
				CLANG_CXX_LANGUAGE_STANDARD = "gnu++14";
				CLANG_CXX_LIBRARY = "libc++";
				CLANG_ENABLE_MODULES = YES;
				CLANG_ENABLE_OBJC_ARC = YES;
				CLANG_ENABLE_OBJC_WEAK = YES;
				CLANG_WARN_BLOCK_CAPTURE_AUTORELEASING = YES;
				CLANG_WARN_BOOL_CONVERSION = YES;
				CLANG_WARN_COMMA = YES;
				CLANG_WARN_CONSTANT_CONVERSION = YES;
				CLANG_WARN_DEPRECATED_OBJC_IMPLEMENTATIONS = YES;
				CLANG_WARN_DIRECT_OBJC_ISA_USAGE = YES_ERROR;
				CLANG_WARN_DOCUMENTATION_COMMENTS = YES;
				CLANG_WARN_EMPTY_BODY = YES;
				CLANG_WARN_ENUM_CONVERSION = YES;
				CLANG_WARN_INFINITE_RECURSION = YES;
				CLANG_WARN_INT_CONVERSION = YES;
				CLANG_WARN_NON_LITERAL_NULL_CONVERSION = YES;
				CLANG_WARN_OBJC_IMPLICIT_RETAIN_SELF = YES;
				CLANG_WARN_OBJC_LITERAL_CONVERSION = YES;
				CLANG_WARN_OBJC_ROOT_CLASS = YES_ERROR;
				CLANG_WARN_RANGE_LOOP_ANALYSIS = YES;
				CLANG_WARN_STRICT_PROTOTYPES = YES;
				CLANG_WARN_SUSPICIOUS_MOVE = YES;
				CLANG_WARN_UNGUARDED_AVAILABILITY = YES_AGGRESSIVE;
				CLANG_WARN_UNREACHABLE_CODE = YES;
				CLANG_WARN__DUPLICATE_METHOD_MATCH = YES;
				CODE_SIGN_IDENTITY = "-";
				COPY_PHASE_STRIP = NO;
				DEBUG_INFORMATION_FORMAT = "dwarf-with-dsym";
				ENABLE_NS_ASSERTIONS = NO;
				ENABLE_STRICT_OBJC_MSGSEND = YES;
				GCC_C_LANGUAGE_STANDARD = gnu11;
				GCC_NO_COMMON_BLOCKS = YES;
				GCC_WARN_64_TO_32_BIT_CONVERSION = YES;
				GCC_WARN_ABOUT_RETURN_TYPE = YES_ERROR;
				GCC_WARN_UNDECLARED_SELECTOR = YES;
				GCC_WARN_UNINITIALIZED_AUTOS = YES_AGGRESSIVE;
				GCC_WARN_UNUSED_FUNCTION = YES;
				GCC_WARN_UNUSED_VARIABLE = YES;
				MACOSX_DEPLOYMENT_TARGET = 10.13;
				MTL_ENABLE_DEBUG_INFO = NO;
				SDKROOT = macosx;
			};
			name = Release;
		};
		727BB9DB210DE6C900D962FF /* Debug */ = {
			isa = XCBuildConfiguration;
			buildSettings = {
				CODE_SIGN_STYLE = Automatic;
				PRODUCT_NAME = "$(TARGET_NAME)";
			};
			name = Debug;
		};
		727BB9DC210DE6C900D962FF /* Release */ = {
			isa = XCBuildConfiguration;
			buildSettings = {
				CODE_SIGN_STYLE = Automatic;
				PRODUCT_NAME = "$(TARGET_NAME)";
			};
			name = Release;
		};
/* End XCBuildConfiguration section */

/* Begin XCConfigurationList section */
		727BB9CE210DE6C900D962FF /* Build configuration list for PBXProject "PatternObserver" */ = {
			isa = XCConfigurationList;
			buildConfigurations = (
				727BB9D8210DE6C900D962FF /* Debug */,
				727BB9D9210DE6C900D962FF /* Release */,
			);
			defaultConfigurationIsVisible = 0;
			defaultConfigurationName = Release;
		};
		727BB9DA210DE6C900D962FF /* Build configuration list for PBXNativeTarget "PatternObserver" */ = {
			isa = XCConfigurationList;
			buildConfigurations = (
				727BB9DB210DE6C900D962FF /* Debug */,
				727BB9DC210DE6C900D962FF /* Release */,
			);
			defaultConfigurationIsVisible = 0;
			defaultConfigurationName = Release;
		};
/* End XCConfigurationList section */
	};
	rootObject = 727BB9CB210DE6C900D962FF /* Project object */;
}
